// !$*UTF8*$!
{
	archiveVersion = 1;
	classes = {
	};
	objectVersion = 50;
	objects = {

/* Begin PBXBuildFile section */
		74B5AE232523828C00FF180F /* AppDelegate.swift in Sources */ = {isa = PBXBuildFile; fileRef = 74B5AE222523828C00FF180F /* AppDelegate.swift */; };
		74B5AE252523828C00FF180F /* SceneDelegate.swift in Sources */ = {isa = PBXBuildFile; fileRef = 74B5AE242523828C00FF180F /* SceneDelegate.swift */; };
		74B5AE272523828C00FF180F /* ViewController.swift in Sources */ = {isa = PBXBuildFile; fileRef = 74B5AE262523828C00FF180F /* ViewController.swift */; };
		74B5AE2A2523828C00FF180F /* Main.storyboard in Resources */ = {isa = PBXBuildFile; fileRef = 74B5AE282523828C00FF180F /* Main.storyboard */; };
		74B5AE2C2523828F00FF180F /* Assets.xcassets in Resources */ = {isa = PBXBuildFile; fileRef = 74B5AE2B2523828F00FF180F /* Assets.xcassets */; };
		74B5AE2F2523828F00FF180F /* LaunchScreen.storyboard in Resources */ = {isa = PBXBuildFile; fileRef = 74B5AE2D2523828F00FF180F /* LaunchScreen.storyboard */; };
		74B5AE392523838500FF180F /* MainViewController.swift in Sources */ = {isa = PBXBuildFile; fileRef = 74B5AE382523838500FF180F /* MainViewController.swift */; };
		74B5AE462523911C00FF180F /* RedditListTableTableViewController.swift in Sources */ = {isa = PBXBuildFile; fileRef = 74B5AE452523911C00FF180F /* RedditListTableTableViewController.swift */; };
		74B5AE4A2523914B00FF180F /* RedditService.swift in Sources */ = {isa = PBXBuildFile; fileRef = 74B5AE492523914B00FF180F /* RedditService.swift */; };
		74B5AE4F2523923D00FF180F /* RedditCellTableViewCell.swift in Sources */ = {isa = PBXBuildFile; fileRef = 74B5AE4E2523923D00FF180F /* RedditCellTableViewCell.swift */; };
		74B5AE542523BE4F00FF180F /* ImageView+Lazy.swift in Sources */ = {isa = PBXBuildFile; fileRef = 74B5AE532523BE4F00FF180F /* ImageView+Lazy.swift */; };
/* End PBXBuildFile section */

/* Begin PBXFileReference section */
		74B5AE1F2523828C00FF180F /* DevigetTest.app */ = {isa = PBXFileReference; explicitFileType = wrapper.application; includeInIndex = 0; path = DevigetTest.app; sourceTree = BUILT_PRODUCTS_DIR; };
		74B5AE222523828C00FF180F /* AppDelegate.swift */ = {isa = PBXFileReference; lastKnownFileType = sourcecode.swift; path = AppDelegate.swift; sourceTree = "<group>"; };
		74B5AE242523828C00FF180F /* SceneDelegate.swift */ = {isa = PBXFileReference; lastKnownFileType = sourcecode.swift; path = SceneDelegate.swift; sourceTree = "<group>"; };
		74B5AE262523828C00FF180F /* ViewController.swift */ = {isa = PBXFileReference; lastKnownFileType = sourcecode.swift; path = ViewController.swift; sourceTree = "<group>"; };
		74B5AE292523828C00FF180F /* Base */ = {isa = PBXFileReference; lastKnownFileType = file.storyboard; name = Base; path = Base.lproj/Main.storyboard; sourceTree = "<group>"; };
		74B5AE2B2523828F00FF180F /* Assets.xcassets */ = {isa = PBXFileReference; lastKnownFileType = folder.assetcatalog; path = Assets.xcassets; sourceTree = "<group>"; };
		74B5AE2E2523828F00FF180F /* Base */ = {isa = PBXFileReference; lastKnownFileType = file.storyboard; name = Base; path = Base.lproj/LaunchScreen.storyboard; sourceTree = "<group>"; };
		74B5AE302523828F00FF180F /* Info.plist */ = {isa = PBXFileReference; lastKnownFileType = text.plist.xml; path = Info.plist; sourceTree = "<group>"; };
		74B5AE382523838500FF180F /* MainViewController.swift */ = {isa = PBXFileReference; lastKnownFileType = sourcecode.swift; path = MainViewController.swift; sourceTree = "<group>"; };
		74B5AE452523911C00FF180F /* RedditListTableTableViewController.swift */ = {isa = PBXFileReference; lastKnownFileType = sourcecode.swift; path = RedditListTableTableViewController.swift; sourceTree = "<group>"; };
		74B5AE492523914B00FF180F /* RedditService.swift */ = {isa = PBXFileReference; lastKnownFileType = sourcecode.swift; path = RedditService.swift; sourceTree = "<group>"; };
		74B5AE4E2523923D00FF180F /* RedditCellTableViewCell.swift */ = {isa = PBXFileReference; lastKnownFileType = sourcecode.swift; path = RedditCellTableViewCell.swift; sourceTree = "<group>"; };
		74B5AE532523BE4F00FF180F /* ImageView+Lazy.swift */ = {isa = PBXFileReference; lastKnownFileType = sourcecode.swift; path = "ImageView+Lazy.swift"; sourceTree = "<group>"; };
/* End PBXFileReference section */

/* Begin PBXFrameworksBuildPhase section */
		74B5AE1C2523828C00FF180F /* Frameworks */ = {
			isa = PBXFrameworksBuildPhase;
			buildActionMask = 2147483647;
			files = (
			);
			runOnlyForDeploymentPostprocessing = 0;
		};
/* End PBXFrameworksBuildPhase section */

/* Begin PBXGroup section */
		74B5AE162523828C00FF180F = {
			isa = PBXGroup;
			children = (
				74B5AE212523828C00FF180F /* DevigetTest */,
				74B5AE202523828C00FF180F /* Products */,
			);
			sourceTree = "<group>";
		};
		74B5AE202523828C00FF180F /* Products */ = {
			isa = PBXGroup;
			children = (
				74B5AE1F2523828C00FF180F /* DevigetTest.app */,
			);
			name = Products;
			sourceTree = "<group>";
		};
		74B5AE212523828C00FF180F /* DevigetTest */ = {
			isa = PBXGroup;
			children = (
				74B5AE522523BE3500FF180F /* Views */,
				74B5AE4D2523920600FF180F /* ViewCells */,
				74B5AE482523912900FF180F /* Services */,
				74B5AE372523836B00FF180F /* ViewControllers */,
				74B5AE222523828C00FF180F /* AppDelegate.swift */,
				74B5AE242523828C00FF180F /* SceneDelegate.swift */,
				74B5AE262523828C00FF180F /* ViewController.swift */,
				74B5AE282523828C00FF180F /* Main.storyboard */,
				74B5AE2B2523828F00FF180F /* Assets.xcassets */,
				74B5AE2D2523828F00FF180F /* LaunchScreen.storyboard */,
				74B5AE302523828F00FF180F /* Info.plist */,
			);
			path = DevigetTest;
			sourceTree = "<group>";
		};
		74B5AE372523836B00FF180F /* ViewControllers */ = {
			isa = PBXGroup;
			children = (
				74B5AE382523838500FF180F /* MainViewController.swift */,
				74B5AE452523911C00FF180F /* RedditListTableTableViewController.swift */,
			);
			path = ViewControllers;
			sourceTree = "<group>";
		};
		74B5AE482523912900FF180F /* Services */ = {
			isa = PBXGroup;
			children = (
				74B5AE492523914B00FF180F /* RedditService.swift */,
			);
			path = Services;
			sourceTree = "<group>";
		};
		74B5AE4D2523920600FF180F /* ViewCells */ = {
			isa = PBXGroup;
			children = (
				74B5AE4E2523923D00FF180F /* RedditCellTableViewCell.swift */,
			);
			path = ViewCells;
			sourceTree = "<group>";
		};
		74B5AE522523BE3500FF180F /* Views */ = {
			isa = PBXGroup;
			children = (
				74B5AE532523BE4F00FF180F /* ImageView+Lazy.swift */,
			);
			path = Views;
			sourceTree = "<group>";
		};
/* End PBXGroup section */

/* Begin PBXNativeTarget section */
		74B5AE1E2523828C00FF180F /* DevigetTest */ = {
			isa = PBXNativeTarget;
			buildConfigurationList = 74B5AE332523828F00FF180F /* Build configuration list for PBXNativeTarget "DevigetTest" */;
			buildPhases = (
				74B5AE1B2523828C00FF180F /* Sources */,
				74B5AE1C2523828C00FF180F /* Frameworks */,
				74B5AE1D2523828C00FF180F /* Resources */,
			);
			buildRules = (
			);
			dependencies = (
			);
			name = DevigetTest;
			productName = DevigetTest;
			productReference = 74B5AE1F2523828C00FF180F /* DevigetTest.app */;
			productType = "com.apple.product-type.application";
		};
/* End PBXNativeTarget section */

/* Begin PBXProject section */
		74B5AE172523828C00FF180F /* Project object */ = {
			isa = PBXProject;
			attributes = {
				LastSwiftUpdateCheck = 1200;
				LastUpgradeCheck = 1200;
				TargetAttributes = {
					74B5AE1E2523828C00FF180F = {
						CreatedOnToolsVersion = 12.0.1;
					};
				};
			};
			buildConfigurationList = 74B5AE1A2523828C00FF180F /* Build configuration list for PBXProject "DevigetTest" */;
			compatibilityVersion = "Xcode 9.3";
			developmentRegion = en;
			hasScannedForEncodings = 0;
			knownRegions = (
				en,
				Base,
			);
			mainGroup = 74B5AE162523828C00FF180F;
			productRefGroup = 74B5AE202523828C00FF180F /* Products */;
			projectDirPath = "";
			projectRoot = "";
			targets = (
				74B5AE1E2523828C00FF180F /* DevigetTest */,
			);
		};
/* End PBXProject section */

/* Begin PBXResourcesBuildPhase section */
		74B5AE1D2523828C00FF180F /* Resources */ = {
			isa = PBXResourcesBuildPhase;
			buildActionMask = 2147483647;
			files = (
				74B5AE2F2523828F00FF180F /* LaunchScreen.storyboard in Resources */,
				74B5AE2C2523828F00FF180F /* Assets.xcassets in Resources */,
				74B5AE2A2523828C00FF180F /* Main.storyboard in Resources */,
			);
			runOnlyForDeploymentPostprocessing = 0;
		};
/* End PBXResourcesBuildPhase section */

/* Begin PBXSourcesBuildPhase section */
		74B5AE1B2523828C00FF180F /* Sources */ = {
			isa = PBXSourcesBuildPhase;
			buildActionMask = 2147483647;
			files = (
				74B5AE542523BE4F00FF180F /* ImageView+Lazy.swift in Sources */,
				74B5AE272523828C00FF180F /* ViewController.swift in Sources */,
				74B5AE232523828C00FF180F /* AppDelegate.swift in Sources */,
				74B5AE252523828C00FF180F /* SceneDelegate.swift in Sources */,
				74B5AE4F2523923D00FF180F /* RedditCellTableViewCell.swift in Sources */,
				74B5AE462523911C00FF180F /* RedditListTableTableViewController.swift in Sources */,
				74B5AE392523838500FF180F /* MainViewController.swift in Sources */,
				74B5AE4A2523914B00FF180F /* RedditService.swift in Sources */,
			);
			runOnlyForDeploymentPostprocessing = 0;
		};
/* End PBXSourcesBuildPhase section */

/* Begin PBXVariantGroup section */
		74B5AE282523828C00FF180F /* Main.storyboard */ = {
			isa = PBXVariantGroup;
			children = (
				74B5AE292523828C00FF180F /* Base */,
			);
			name = Main.storyboard;
			sourceTree = "<group>";
		};
		74B5AE2D2523828F00FF180F /* LaunchScreen.storyboard */ = {
			isa = PBXVariantGroup;
			children = (
				74B5AE2E2523828F00FF180F /* Base */,
			);
			name = LaunchScreen.storyboard;
			sourceTree = "<group>";
		};
/* End PBXVariantGroup section */

/* Begin XCBuildConfiguration section */
		74B5AE312523828F00FF180F /* Debug */ = {
			isa = XCBuildConfiguration;
			buildSettings = {
				ALWAYS_SEARCH_USER_PATHS = NO;
				CLANG_ANALYZER_NONNULL = YES;
				CLANG_ANALYZER_NUMBER_OBJECT_CONVERSION = YES_AGGRESSIVE;
				CLANG_CXX_LANGUAGE_STANDARD = "gnu++14";
				CLANG_CXX_LIBRARY = "libc++";
				CLANG_ENABLE_MODULES = YES;
				CLANG_ENABLE_OBJC_ARC = YES;
				CLANG_ENABLE_OBJC_WEAK = YES;
				CLANG_WARN_BLOCK_CAPTURE_AUTORELEASING = YES;
				CLANG_WARN_BOOL_CONVERSION = YES;
				CLANG_WARN_COMMA = YES;
				CLANG_WARN_CONSTANT_CONVERSION = YES;
				CLANG_WARN_DEPRECATED_OBJC_IMPLEMENTATIONS = YES;
				CLANG_WARN_DIRECT_OBJC_ISA_USAGE = YES_ERROR;
				CLANG_WARN_DOCUMENTATION_COMMENTS = YES;
				CLANG_WARN_EMPTY_BODY = YES;
				CLANG_WARN_ENUM_CONVERSION = YES;
				CLANG_WARN_INFINITE_RECURSION = YES;
				CLANG_WARN_INT_CONVERSION = YES;
				CLANG_WARN_NON_LITERAL_NULL_CONVERSION = YES;
				CLANG_WARN_OBJC_IMPLICIT_RETAIN_SELF = YES;
				CLANG_WARN_OBJC_LITERAL_CONVERSION = YES;
				CLANG_WARN_OBJC_ROOT_CLASS = YES_ERROR;
				CLANG_WARN_QUOTED_INCLUDE_IN_FRAMEWORK_HEADER = YES;
				CLANG_WARN_RANGE_LOOP_ANALYSIS = YES;
				CLANG_WARN_STRICT_PROTOTYPES = YES;
				CLANG_WARN_SUSPICIOUS_MOVE = YES;
				CLANG_WARN_UNGUARDED_AVAILABILITY = YES_AGGRESSIVE;
				CLANG_WARN_UNREACHABLE_CODE = YES;
				CLANG_WARN__DUPLICATE_METHOD_MATCH = YES;
				COPY_PHASE_STRIP = NO;
				DEBUG_INFORMATION_FORMAT = dwarf;
				ENABLE_STRICT_OBJC_MSGSEND = YES;
				ENABLE_TESTABILITY = YES;
				GCC_C_LANGUAGE_STANDARD = gnu11;
				GCC_DYNAMIC_NO_PIC = NO;
				GCC_NO_COMMON_BLOCKS = YES;
				GCC_OPTIMIZATION_LEVEL = 0;
				GCC_PREPROCESSOR_DEFINITIONS = (
					"DEBUG=1",
					"$(inherited)",
				);
				GCC_WARN_64_TO_32_BIT_CONVERSION = YES;
				GCC_WARN_ABOUT_RETURN_TYPE = YES_ERROR;
				GCC_WARN_UNDECLARED_SELECTOR = YES;
				GCC_WARN_UNINITIALIZED_AUTOS = YES_AGGRESSIVE;
				GCC_WARN_UNUSED_FUNCTION = YES;
				GCC_WARN_UNUSED_VARIABLE = YES;
				IPHONEOS_DEPLOYMENT_TARGET = 14.0;
				MTL_ENABLE_DEBUG_INFO = INCLUDE_SOURCE;
				MTL_FAST_MATH = YES;
				ONLY_ACTIVE_ARCH = YES;
				SDKROOT = iphoneos;
				SWIFT_ACTIVE_COMPILATION_CONDITIONS = DEBUG;
				SWIFT_OPTIMIZATION_LEVEL = "-Onone";
			};
			name = Debug;
		};
		74B5AE322523828F00FF180F /* Release */ = {
			isa = XCBuildConfiguration;
			buildSettings = {
				ALWAYS_SEARCH_USER_PATHS = NO;
				CLANG_ANALYZER_NONNULL = YES;
				CLANG_ANALYZER_NUMBER_OBJECT_CONVERSION = YES_AGGRESSIVE;
				CLANG_CXX_LANGUAGE_STANDARD = "gnu++14";
				CLANG_CXX_LIBRARY = "libc++";
				CLANG_ENABLE_MODULES = YES;
				CLANG_ENABLE_OBJC_ARC = YES;
				CLANG_ENABLE_OBJC_WEAK = YES;
				CLANG_WARN_BLOCK_CAPTURE_AUTORELEASING = YES;
				CLANG_WARN_BOOL_CONVERSION = YES;
				CLANG_WARN_COMMA = YES;
				CLANG_WARN_CONSTANT_CONVERSION = YES;
				CLANG_WARN_DEPRECATED_OBJC_IMPLEMENTATIONS = YES;
				CLANG_WARN_DIRECT_OBJC_ISA_USAGE = YES_ERROR;
				CLANG_WARN_DOCUMENTATION_COMMENTS = YES;
				CLANG_WARN_EMPTY_BODY = YES;
				CLANG_WARN_ENUM_CONVERSION = YES;
				CLANG_WARN_INFINITE_RECURSION = YES;
				CLANG_WARN_INT_CONVERSION = YES;
				CLANG_WARN_NON_LITERAL_NULL_CONVERSION = YES;
				CLANG_WARN_OBJC_IMPLICIT_RETAIN_SELF = YES;
				CLANG_WARN_OBJC_LITERAL_CONVERSION = YES;
				CLANG_WARN_OBJC_ROOT_CLASS = YES_ERROR;
				CLANG_WARN_QUOTED_INCLUDE_IN_FRAMEWORK_HEADER = YES;
				CLANG_WARN_RANGE_LOOP_ANALYSIS = YES;
				CLANG_WARN_STRICT_PROTOTYPES = YES;
				CLANG_WARN_SUSPICIOUS_MOVE = YES;
				CLANG_WARN_UNGUARDED_AVAILABILITY = YES_AGGRESSIVE;
				CLANG_WARN_UNREACHABLE_CODE = YES;
				CLANG_WARN__DUPLICATE_METHOD_MATCH = YES;
				COPY_PHASE_STRIP = NO;
				DEBUG_INFORMATION_FORMAT = "dwarf-with-dsym";
				ENABLE_NS_ASSERTIONS = NO;
				ENABLE_STRICT_OBJC_MSGSEND = YES;
				GCC_C_LANGUAGE_STANDARD = gnu11;
				GCC_NO_COMMON_BLOCKS = YES;
				GCC_WARN_64_TO_32_BIT_CONVERSION = YES;
				GCC_WARN_ABOUT_RETURN_TYPE = YES_ERROR;
				GCC_WARN_UNDECLARED_SELECTOR = YES;
				GCC_WARN_UNINITIALIZED_AUTOS = YES_AGGRESSIVE;
				GCC_WARN_UNUSED_FUNCTION = YES;
				GCC_WARN_UNUSED_VARIABLE = YES;
				IPHONEOS_DEPLOYMENT_TARGET = 14.0;
				MTL_ENABLE_DEBUG_INFO = NO;
				MTL_FAST_MATH = YES;
				SDKROOT = iphoneos;
				SWIFT_COMPILATION_MODE = wholemodule;
				SWIFT_OPTIMIZATION_LEVEL = "-O";
				VALIDATE_PRODUCT = YES;
			};
			name = Release;
		};
		74B5AE342523828F00FF180F /* Debug */ = {
			isa = XCBuildConfiguration;
			buildSettings = {
				ASSETCATALOG_COMPILER_APPICON_NAME = AppIcon;
				ASSETCATALOG_COMPILER_GLOBAL_ACCENT_COLOR_NAME = AccentColor;
				CODE_SIGN_STYLE = Automatic;
				DEVELOPMENT_TEAM = CPQJ47YZ3M;
				INFOPLIST_FILE = DevigetTest/Info.plist;
				LD_RUNPATH_SEARCH_PATHS = (
					"$(inherited)",
					"@executable_path/Frameworks",
				);
				PRODUCT_BUNDLE_IDENTIFIER = ignacioz.DevigetTest;
				PRODUCT_NAME = "$(TARGET_NAME)";
				SWIFT_VERSION = 5.0;
				TARGETED_DEVICE_FAMILY = "1,2";
			};
			name = Debug;
		};
		74B5AE352523828F00FF180F /* Release */ = {
			isa = XCBuildConfiguration;
			buildSettings = {
				ASSETCATALOG_COMPILER_APPICON_NAME = AppIcon;
				ASSETCATALOG_COMPILER_GLOBAL_ACCENT_COLOR_NAME = AccentColor;
				CODE_SIGN_STYLE = Automatic;
				DEVELOPMENT_TEAM = CPQJ47YZ3M;
				INFOPLIST_FILE = DevigetTest/Info.plist;
				LD_RUNPATH_SEARCH_PATHS = (
					"$(inherited)",
					"@executable_path/Frameworks",
				);
				PRODUCT_BUNDLE_IDENTIFIER = ignacioz.DevigetTest;
				PRODUCT_NAME = "$(TARGET_NAME)";
				SWIFT_VERSION = 5.0;
				TARGETED_DEVICE_FAMILY = "1,2";
			};
			name = Release;
		};
/* End XCBuildConfiguration section */

/* Begin XCConfigurationList section */
		74B5AE1A2523828C00FF180F /* Build configuration list for PBXProject "DevigetTest" */ = {
			isa = XCConfigurationList;
			buildConfigurations = (
				74B5AE312523828F00FF180F /* Debug */,
				74B5AE322523828F00FF180F /* Release */,
			);
			defaultConfigurationIsVisible = 0;
			defaultConfigurationName = Release;
		};
		74B5AE332523828F00FF180F /* Build configuration list for PBXNativeTarget "DevigetTest" */ = {
			isa = XCConfigurationList;
			buildConfigurations = (
				74B5AE342523828F00FF180F /* Debug */,
				74B5AE352523828F00FF180F /* Release */,
			);
			defaultConfigurationIsVisible = 0;
			defaultConfigurationName = Release;
		};
/* End XCConfigurationList section */
	};
	rootObject = 74B5AE172523828C00FF180F /* Project object */;
}
